PODS:
  - Alamofire (5.6.4)
  - CocoaAsyncSocket (7.6.5)
  - EmptyDataSet-Swift (5.0.0)
  - ESPullToRefresh (2.9.3)
  - FluentDarkModeKit (1.0.4)
  - GRDB.swift (6.6.0):
    - GRDB.swift/standard (= 6.6.0)
  - GRDB.swift/standard (6.6.0)
  - HandyJSON (5.0.2)
  - IQKeyboardManagerSwift (6.5.11)
  - Ji (5.0.0)
  - JXSegmentedView (1.3.0)
  - Kingfisher (7.5.0)
  - MarqueeLabel (4.0.5)
  - Masonry (1.1.0)
  - MRDLNA (0.1.1):
    - CocoaAsyncSocket
    - MRDLNA/MRC (= 0.1.1)
  - MRDLNA/MRC (0.1.1):
    - CocoaAsyncSocket
  - NotificationBannerSwift (3.1.0):
    - MarqueeLabel (~> 4.0.5)
    - SnapKit (~> 5.0.1)
  - Popover.OC (2.2)
  - ReactiveCocoa (12.0.0):
    - ReactiveSwift (~> 7.0)
  - ReactiveSwift (7.1.1)
  - SideMenu (6.5.0)
  - SJBaseVideoPlayer (3.7.6):
    - Masonry
    - SJBaseVideoPlayer/AVPlayer (= 3.7.6)
    - SJBaseVideoPlayer/Common (= 3.7.6)
    - SJUIKit/AttributesFactory (>= 0.0.0.38)
    - SJUIKit/ObserverHelper
    - SJUIKit/Queues
    - SJUIKit/SQLite3
  - SJBaseVideoPlayer/AVPlayer (3.7.6):
    - Masonry
    - SJBaseVideoPlayer/Common
    - SJUIKit/AttributesFactory (>= 0.0.0.38)
    - SJUIKit/ObserverHelper
    - SJUIKit/Queues
    - SJUIKit/SQLite3
  - SJBaseVideoPlayer/Common (3.7.6):
    - Masonry
    - SJBaseVideoPlayer/ResourceLoader
    - SJUIKit/AttributesFactory (>= 0.0.0.38)
    - SJUIKit/ObserverHelper
    - SJUIKit/Queues
    - SJUIKit/SQLite3
  - SJBaseVideoPlayer/ResourceLoader (3.7.6):
    - Masonry
    - SJUIKit/AttributesFactory (>= 0.0.0.38)
    - SJUIKit/ObserverHelper
    - SJUIKit/Queues
    - SJUIKit/SQLite3
  - SJUIKit/AttributesFactory (0.0.0.59):
    - SJUIKit/AttributesFactory/Deprecated (= 0.0.0.59)
    - SJUIKit/AttributesFactory/UIKitText (= 0.0.0.59)
  - SJUIKit/AttributesFactory/Deprecated (0.0.0.59)
  - SJUIKit/AttributesFactory/UIKitText (0.0.0.59)
  - SJUIKit/ObserverHelper (0.0.0.59)
  - SJUIKit/Queues (0.0.0.59)
  - SJUIKit/SQLite3 (0.0.0.59):
    - SJUIKit/SQLite3/Core (= 0.0.0.59)
    - SJUIKit/SQLite3/Protocol (= 0.0.0.59)
    - YYModel
  - SJUIKit/SQLite3/Core (0.0.0.59):
    - SJUIKit/SQLite3/Protocol
    - YYModel
  - SJUIKit/SQLite3/Protocol (0.0.0.59):
    - YYModel
  - SJVideoPlayer (3.4.3):
    - SJBaseVideoPlayer (>= 3.7.5)
    - SJVideoPlayer/Common (= 3.4.3)
    - SJVideoPlayer/ControlLayers (= 3.4.3)
    - SJVideoPlayer/ResourceLoader (= 3.4.3)
  - SJVideoPlayer/Common (3.4.3):
    - Masonry
    - SJBaseVideoPlayer (>= 3.7.5)
    - SJUIKit/AttributesFactory
    - SJVideoPlayer/ResourceLoader
  - SJVideoPlayer/ControlLayers (3.4.3):
    - SJBaseVideoPlayer (>= 3.7.5)
    - SJVideoPlayer/Common
  - SJVideoPlayer/ResourceLoader (3.4.3):
    - SJBaseVideoPlayer (>= 3.7.5)
  - SnapKit (5.0.1)
  - SwiftyJSON (5.0.1)
  - Toast-Swift (5.0.1)
  - YYModel (1.0.4)

DEPENDENCIES:
  - Alamofire
  - EmptyDataSet-Swift
  - ESPullToRefresh
  - FluentDarkModeKit
  - GRDB.swift
  - HandyJSON
  - IQKeyboardManagerSwift
  - Ji
  - JXSegmentedView
  - Kingfisher
  - MRDLNA
  - NotificationBannerSwift
  - Popover.OC
  - ReactiveCocoa
  - SideMenu
  - SJBaseVideoPlayer
  - SJVideoPlayer
  - SnapKit
  - SwiftyJSON
  - Toast-Swift

SPEC REPOS:
  https://gitee.com/mirrors/CocoaPods-Specs.git:
    - Alamofire
    - CocoaAsyncSocket
    - EmptyDataSet-Swift
    - ESPullToRefresh
    - FluentDarkModeKit
    - GRDB.swift
    - HandyJSON
    - IQKeyboardManagerSwift
    - Ji
    - JXSegmentedView
    - Kingfisher
    - MarqueeLabel
    - Masonry
    - MRDLNA
    - NotificationBannerSwift
    - Popover.OC
    - ReactiveCocoa
    - ReactiveSwift
    - SideMenu
    - SJBaseVideoPlayer
    - SJUIKit
    - SJVideoPlayer
    - SnapKit
    - SwiftyJSON
    - Toast-Swift
    - YYModel

SPEC CHECKSUMS:
  Alamofire: 4e95d97098eacb88856099c4fc79b526a299e48c
  CocoaAsyncSocket: 065fd1e645c7abab64f7a6a2007a48038fdc6a99
  EmptyDataSet-Swift: eb382c0c87a2d9c678077385a595cec52da38171
  ESPullToRefresh: 0d68daa602b343c81753a1b95e09fd0bfcddfd40
  FluentDarkModeKit: b6317653a00329564582884772ec57c4eaad1a1f
  GRDB.swift: f13e38af4fba488c47be9a6c11a275a39273b567
  HandyJSON: 9e4e236f5d2dbefad5155a77417bbea438201c03
  IQKeyboardManagerSwift: c7955c0bdbf7b2eb29bb7daaa44e3d90f55a9a85
  Ji: d795fed288fe78658b404c88946d753b17d8d7f4
  JXSegmentedView: fec0d335355b6e019c494fe2e030bde8a36d2df6
  Kingfisher: b9c2a4a4af2990a768445c277359b27bde287d71
  MarqueeLabel: 00cc0bcd087111dca575878b3531af980559707d
  Masonry: 678fab65091a9290e40e2832a55e7ab731aad201
  MRDLNA: 3fe35c6ac57c946413d07896faeb9101c4d8853d
  NotificationBannerSwift: 49912a48b37e2f55d1cef4e8a38f15394f66a70a
  Popover.OC: bfcce8307f77593e1e1d7cf58604077f74e114bc
  ReactiveCocoa: 5d10386f0ce09f922006efbf784881c5fade27c5
  ReactiveSwift: 477d3f5bc2eb3cbbba1c1636505752b83bef93b1
  SideMenu: f583187d21c5b1dd04c72002be544b555a2627a2
  SJBaseVideoPlayer: f15debaa8c1e27b63bdefc8caeec515e9c71d079
  SJUIKit: a40111941e408cc17d4c1c23495aa92999e814b0
  SJVideoPlayer: 4f09814f58522e0975cb2dccfda925f6c8643467
  SnapKit: 97b92857e3df3a0c71833cce143274bf6ef8e5eb
  SwiftyJSON: 2f33a42c6fbc52764d96f13368585094bfd8aa5e
  Toast-Swift: 9b6a70f28b3bf0b96c40d46c0c4b9d6639846711
  YYModel: 2a7fdd96aaa4b86a824e26d0c517de8928c04b30

PODFILE CHECKSUM: ec646310b48a25cdc624bf44ad92c5ac2ed0f510

COCOAPODS: 1.11.3
