// !$*UTF8*$!
{
	archiveVersion = 1;
	classes = {
	};
	objectVersion = 51;
	objects = {

/* Begin PBXBuildFile section */
		144DF2DFA22E2DCF380E9066 /* IndexModel.swift in Sources */ = {isa = PBXBuildFile; fileRef = 144DF971A9493EC8A5B001CF /* IndexModel.swift */; };
		144DFBE0637E9A23BD770FE0 /* HeiHD.swift in Sources */ = {isa = PBXBuildFile; fileRef = 144DFE6BD10316CE83C36D9B /* HeiHD.swift */; };
		144DFC7785BA981A298D4B2B /* Halihali.swift in Sources */ = {isa = PBXBuildFile; fileRef = 144DF59A43D6EE17747DB123 /* Halihali.swift */; };
		144DFD4871DD0F3EE223D4B1 /* WebsiteBaseModel.swift in Sources */ = {isa = PBXBuildFile; fileRef = 144DF260AB9E4879AA42ED66 /* WebsiteBaseModel.swift */; };
		2F9B63EA24655CD73BDC047E /* Pods_UUVideo.framework in Frameworks */ = {isa = PBXBuildFile; fileRef = C9FA3DBEFB82D2160BCC81BE /* Pods_UUVideo.framework */; };
		4AEA3C792AF771CF00865EE8 /* Huoji.swift in Sources */ = {isa = PBXBuildFile; fileRef = 4AEA3C782AF771CF00865EE8 /* Huoji.swift */; };
		A906DB0C24EA575700C070E4 /* PadIndexViewController.swift in Sources */ = {isa = PBXBuildFile; fileRef = A906DB0B24EA575700C070E4 /* PadIndexViewController.swift */; };
		A906DB0E24EA680B00C070E4 /* BangumiViewController.swift in Sources */ = {isa = PBXBuildFile; fileRef = A906DB0D24EA680B00C070E4 /* BangumiViewController.swift */; };
		A906DB1224EB7E5C00C070E4 /* DataManager.swift in Sources */ = {isa = PBXBuildFile; fileRef = A906DB1124EB7E5C00C070E4 /* DataManager.swift */; };
		A906DB1524EBB08300C070E4 /* VideoTableCollectionViewCell.swift in Sources */ = {isa = PBXBuildFile; fileRef = A906DB1324EBB08300C070E4 /* VideoTableCollectionViewCell.swift */; };
		A906DB1624EBB08300C070E4 /* VideoTableCollectionViewCell.xib in Resources */ = {isa = PBXBuildFile; fileRef = A906DB1424EBB08300C070E4 /* VideoTableCollectionViewCell.xib */; };
		A90F71192524100F0000D1CF /* HeaderTitleCollectionReusableView.swift in Sources */ = {isa = PBXBuildFile; fileRef = A90F71172524100F0000D1CF /* HeaderTitleCollectionReusableView.swift */; };
		A90F711A2524100F0000D1CF /* HeaderTitleCollectionReusableView.xib in Resources */ = {isa = PBXBuildFile; fileRef = A90F71182524100F0000D1CF /* HeaderTitleCollectionReusableView.xib */; };
		A90F7121252414740000D1CF /* ListModel.swift in Sources */ = {isa = PBXBuildFile; fileRef = A90F7120252414740000D1CF /* ListModel.swift */; };
		A9127F752A3BF57900E571D4 /* SeSe.swift in Sources */ = {isa = PBXBuildFile; fileRef = A9127F742A3BF57900E571D4 /* SeSe.swift */; };
		A91F3CA6263504B1006E6DA6 /* CollectViewController.swift in Sources */ = {isa = PBXBuildFile; fileRef = A91F3CA5263504B1006E6DA6 /* CollectViewController.swift */; };
		A923746B25FF017100CE21F4 /* BangumiListViewController.swift in Sources */ = {isa = PBXBuildFile; fileRef = A923746A25FF017100CE21F4 /* BangumiListViewController.swift */; };
		A923746F25FF091A00CE21F4 /* placeholder.jpg in Resources */ = {isa = PBXBuildFile; fileRef = A923746E25FF091A00CE21F4 /* placeholder.jpg */; };
		A923747225FF0B4900CE21F4 /* UILabel+extension.swift in Sources */ = {isa = PBXBuildFile; fileRef = A923747125FF0B4900CE21F4 /* UILabel+extension.swift */; };
		A928D2202567917A003BF719 /* NetVideoPlayerCollectionView.swift in Sources */ = {isa = PBXBuildFile; fileRef = A928D21F2567917A003BF719 /* NetVideoPlayerCollectionView.swift */; };
		A92AC00C25529D28001EBD12 /* NetVideoDetailCollectionView.swift in Sources */ = {isa = PBXBuildFile; fileRef = A92AC00B25529D28001EBD12 /* NetVideoDetailCollectionView.swift */; };
		A92AC00F25529E9F001EBD12 /* SerialModel.swift in Sources */ = {isa = PBXBuildFile; fileRef = A92AC00E25529E9F001EBD12 /* SerialModel.swift */; };
		A93105132990CD3C00BA6044 /* Yklunli.swift in Sources */ = {isa = PBXBuildFile; fileRef = A93105122990CD3C00BA6044 /* Yklunli.swift */; };
		A950E29224E67157000CBB92 /* AppDelegate.swift in Sources */ = {isa = PBXBuildFile; fileRef = A950E29124E67157000CBB92 /* AppDelegate.swift */; };
		A950E29424E67157000CBB92 /* SceneDelegate.swift in Sources */ = {isa = PBXBuildFile; fileRef = A950E29324E67157000CBB92 /* SceneDelegate.swift */; };
		A950E29624E67157000CBB92 /* ViewController.swift in Sources */ = {isa = PBXBuildFile; fileRef = A950E29524E67157000CBB92 /* ViewController.swift */; };
		A950E29924E67157000CBB92 /* Main.storyboard in Resources */ = {isa = PBXBuildFile; fileRef = A950E29724E67157000CBB92 /* Main.storyboard */; };
		A950E29B24E6715A000CBB92 /* Assets.xcassets in Resources */ = {isa = PBXBuildFile; fileRef = A950E29A24E6715A000CBB92 /* Assets.xcassets */; };
		A950E29E24E6715A000CBB92 /* LaunchScreen.storyboard in Resources */ = {isa = PBXBuildFile; fileRef = A950E29C24E6715A000CBB92 /* LaunchScreen.storyboard */; };
		A950E2B024E6733F000CBB92 /* Dictionary+extension.swift in Sources */ = {isa = PBXBuildFile; fileRef = A950E2A724E6733E000CBB92 /* Dictionary+extension.swift */; };
		A950E2B124E6733F000CBB92 /* Date+extension.swift in Sources */ = {isa = PBXBuildFile; fileRef = A950E2A824E6733F000CBB92 /* Date+extension.swift */; };
		A950E2B224E6733F000CBB92 /* UIImage+extension.swift in Sources */ = {isa = PBXBuildFile; fileRef = A950E2A924E6733F000CBB92 /* UIImage+extension.swift */; };
		A950E2B324E6733F000CBB92 /* NSObject+extension.swift in Sources */ = {isa = PBXBuildFile; fileRef = A950E2AA24E6733F000CBB92 /* NSObject+extension.swift */; };
		A950E2B424E6733F000CBB92 /* UITextField+extension.swift in Sources */ = {isa = PBXBuildFile; fileRef = A950E2AB24E6733F000CBB92 /* UITextField+extension.swift */; };
		A950E2B524E6733F000CBB92 /* String+extension.swift in Sources */ = {isa = PBXBuildFile; fileRef = A950E2AC24E6733F000CBB92 /* String+extension.swift */; };
		A950E2B624E6733F000CBB92 /* UIView+extension.swift in Sources */ = {isa = PBXBuildFile; fileRef = A950E2AD24E6733F000CBB92 /* UIView+extension.swift */; };
		A950E2B724E6733F000CBB92 /* UIColor+extension.swift in Sources */ = {isa = PBXBuildFile; fileRef = A950E2AE24E6733F000CBB92 /* UIColor+extension.swift */; };
		A950E2B824E6733F000CBB92 /* UIButton+extension.swift in Sources */ = {isa = PBXBuildFile; fileRef = A950E2AF24E6733F000CBB92 /* UIButton+extension.swift */; };
		A950E2BE24E67356000CBB92 /* Tool.swift in Sources */ = {isa = PBXBuildFile; fileRef = A950E2BA24E67356000CBB92 /* Tool.swift */; };
		A950E2BF24E67356000CBB92 /* QYRequestData.swift in Sources */ = {isa = PBXBuildFile; fileRef = A950E2BB24E67356000CBB92 /* QYRequestData.swift */; };
		A950E2C024E67356000CBB92 /* FileTool.swift in Sources */ = {isa = PBXBuildFile; fileRef = A950E2BC24E67356000CBB92 /* FileTool.swift */; };
		A950E2C124E67356000CBB92 /* config.swift in Sources */ = {isa = PBXBuildFile; fileRef = A950E2BD24E67356000CBB92 /* config.swift */; };
		A950E2C424E6736F000CBB92 /* BaseViewController.swift in Sources */ = {isa = PBXBuildFile; fileRef = A950E2C324E6736F000CBB92 /* BaseViewController.swift */; };
		A950E2CA24E674E4000CBB92 /* PhoneIndexViewController.swift in Sources */ = {isa = PBXBuildFile; fileRef = A950E2C924E674E4000CBB92 /* PhoneIndexViewController.swift */; };
		A950E2CD24E67515000CBB92 /* WebsiteTableView.swift in Sources */ = {isa = PBXBuildFile; fileRef = A950E2CC24E67515000CBB92 /* WebsiteTableView.swift */; };
		A950E2CF24E677D9000CBB92 /* VideoListCollectionView.swift in Sources */ = {isa = PBXBuildFile; fileRef = A950E2CE24E677D9000CBB92 /* VideoListCollectionView.swift */; };
		A950E2D324E67871000CBB92 /* VideoModel.swift in Sources */ = {isa = PBXBuildFile; fileRef = A950E2D224E67871000CBB92 /* VideoModel.swift */; };
		A960D894272FBC0800B7C0BC /* DownloadViewController.swift in Sources */ = {isa = PBXBuildFile; fileRef = A960D893272FBC0800B7C0BC /* DownloadViewController.swift */; };
		A960D896272FBC1D00B7C0BC /* DownloadTableView.swift in Sources */ = {isa = PBXBuildFile; fileRef = A960D895272FBC1D00B7C0BC /* DownloadTableView.swift */; };
		A960D899272FBCD500B7C0BC /* DownloadTableViewCell.swift in Sources */ = {isa = PBXBuildFile; fileRef = A960D897272FBCD500B7C0BC /* DownloadTableViewCell.swift */; };
		A960D89A272FBCD500B7C0BC /* DownloadTableViewCell.xib in Resources */ = {isa = PBXBuildFile; fileRef = A960D898272FBCD500B7C0BC /* DownloadTableViewCell.xib */; };
		A9621AB129861365006983A2 /* SearchIndexViewController.swift in Sources */ = {isa = PBXBuildFile; fileRef = A9621AB029861364006983A2 /* SearchIndexViewController.swift */; };
		A9621AB3298614A2006983A2 /* SearchListViewController.swift in Sources */ = {isa = PBXBuildFile; fileRef = A9621AB2298614A2006983A2 /* SearchListViewController.swift */; };
		A96D526F2A8F3BFF00A63983 /* UnKnownSide.swift in Sources */ = {isa = PBXBuildFile; fileRef = A96D526E2A8F3BFF00A63983 /* UnKnownSide.swift */; };
		A9771B8C296D0AF1004F317B /* CircuitModel.swift in Sources */ = {isa = PBXBuildFile; fileRef = A9771B8B296D0AF1004F317B /* CircuitModel.swift */; };
		A97CFDA426D5E65700CC72B4 /* WBPopCoverBackgroundView.swift in Sources */ = {isa = PBXBuildFile; fileRef = A97CFDA326D5E65700CC72B4 /* WBPopCoverBackgroundView.swift */; };
		A97F52032537EC93008B872A /* CategoryChooseViewController.swift in Sources */ = {isa = PBXBuildFile; fileRef = A97F52022537EC93008B872A /* CategoryChooseViewController.swift */; };
		A97F5206253848F1008B872A /* VideoCategoryCollectionView.swift in Sources */ = {isa = PBXBuildFile; fileRef = A97F5205253848F1008B872A /* VideoCategoryCollectionView.swift */; };
		A97F520A2538495C008B872A /* VideoCategoryCollectionViewCell.swift in Sources */ = {isa = PBXBuildFile; fileRef = A97F52082538495C008B872A /* VideoCategoryCollectionViewCell.swift */; };
		A97F520B2538495C008B872A /* VideoCategoryCollectionViewCell.xib in Resources */ = {isa = PBXBuildFile; fileRef = A97F52092538495C008B872A /* VideoCategoryCollectionViewCell.xib */; };
		A97FF1F0253161890097C0F7 /* CategoryModel.swift in Sources */ = {isa = PBXBuildFile; fileRef = A97FF1EF253161890097C0F7 /* CategoryModel.swift */; };
		A982CCD12A5BAD23001887A6 /* Thotsflix.swift in Sources */ = {isa = PBXBuildFile; fileRef = A982CCD02A5BAD23001887A6 /* Thotsflix.swift */; };
		A984955B25513FCE0007D0B8 /* NetVideoDetailViewController.swift in Sources */ = {isa = PBXBuildFile; fileRef = A984955A25513FCE0007D0B8 /* NetVideoDetailViewController.swift */; };
		A985BE122970F2D400A64CBF /* Qihaolou.swift in Sources */ = {isa = PBXBuildFile; fileRef = A985BE112970F2D400A64CBF /* Qihaolou.swift */; };
		A98794EC2553983B00DD62EE /* VideoInfoCollectionViewCell.swift in Sources */ = {isa = PBXBuildFile; fileRef = A98794EA2553983B00DD62EE /* VideoInfoCollectionViewCell.swift */; };
		A98794ED2553983B00DD62EE /* VideoInfoCollectionViewCell.xib in Resources */ = {isa = PBXBuildFile; fileRef = A98794EB2553983B00DD62EE /* VideoInfoCollectionViewCell.xib */; };
		A98CF6262A03A30C006A868F /* Lawyering.swift in Sources */ = {isa = PBXBuildFile; fileRef = A98CF6252A03A30C006A868F /* Lawyering.swift */; };
		A9967C1D256265AA00752CB7 /* UserViewController.swift in Sources */ = {isa = PBXBuildFile; fileRef = A9967C1C256265AA00752CB7 /* UserViewController.swift */; };
		A997538725666B9600179FCB /* NetVideoPlayerViewController.swift in Sources */ = {isa = PBXBuildFile; fileRef = A997538625666B9600179FCB /* NetVideoPlayerViewController.swift */; };
		A9A3B822298B8D7E0005CD6F /* SakuraYingShi.swift in Sources */ = {isa = PBXBuildFile; fileRef = A9A3B821298B8D7E0005CD6F /* SakuraYingShi.swift */; };
		A9AD86AA296F9E4400D64467 /* Mianfei.swift in Sources */ = {isa = PBXBuildFile; fileRef = A9AD86A9296F9E4400D64467 /* Mianfei.swift */; };
		A9AE212F29798A0C00C8026F /* UIViewController+RotationControl.m in Sources */ = {isa = PBXBuildFile; fileRef = A9AE212D29798A0C00C8026F /* UIViewController+RotationControl.m */; };
		A9B378F9261089DD00EBC4EF /* HistoryViewController.swift in Sources */ = {isa = PBXBuildFile; fileRef = A9B378F8261089DD00EBC4EF /* HistoryViewController.swift */; };
		A9B898672716C736006889C3 /* padVideoDetailCollectionView.swift in Sources */ = {isa = PBXBuildFile; fileRef = A9B898662716C736006889C3 /* padVideoDetailCollectionView.swift */; };
		A9B9CE1C24E9569700CFBE69 /* LocalVideoPlayerViewController.swift in Sources */ = {isa = PBXBuildFile; fileRef = A9B9CE1B24E9569700CFBE69 /* LocalVideoPlayerViewController.swift */; };
		A9CBF74824EF9976002BD074 /* RightViewController.swift in Sources */ = {isa = PBXBuildFile; fileRef = A9CBF74724EF9976002BD074 /* RightViewController.swift */; };
		A9CCBF8C2608A16100427C47 /* SqlTool.swift in Sources */ = {isa = PBXBuildFile; fileRef = A9CCBF8B2608A16100427C47 /* SqlTool.swift */; };
		A9D240B42A8DA63C00904750 /* KanYing.swift in Sources */ = {isa = PBXBuildFile; fileRef = A9D240B32A8DA63C00904750 /* KanYing.swift */; };
		A9D34755296BB3BC00DD0BBC /* Sakura.swift in Sources */ = {isa = PBXBuildFile; fileRef = A9D34754296BB3BC00DD0BBC /* Sakura.swift */; };
		A9D34757296BB3C800DD0BBC /* Laikuaibo.swift in Sources */ = {isa = PBXBuildFile; fileRef = A9D34756296BB3C800DD0BBC /* Laikuaibo.swift */; };
		A9D34759296BB3D300DD0BBC /* Juzhixiao.swift in Sources */ = {isa = PBXBuildFile; fileRef = A9D34758296BB3D300DD0BBC /* Juzhixiao.swift */; };
		A9D49EA726D530B6003BEDC2 /* UIWindow+WBPopView.swift in Sources */ = {isa = PBXBuildFile; fileRef = A9D49EA626D530B6003BEDC2 /* UIWindow+WBPopView.swift */; };
		A9DF207027118E91004C1263 /* PadVideoPlayerViewController.swift in Sources */ = {isa = PBXBuildFile; fileRef = A9DF206F27118E90004C1263 /* PadVideoPlayerViewController.swift */; };
		A9DF7C9029F77AA10074EF08 /* SixMovie.swift in Sources */ = {isa = PBXBuildFile; fileRef = A9DF7C8F29F77AA10074EF08 /* SixMovie.swift */; };
		A9DFBD9A2680297000BBA638 /* Array+extension.swift in Sources */ = {isa = PBXBuildFile; fileRef = A9DFBD992680296F00BBA638 /* Array+extension.swift */; };
		A9F0302326003F100095EC83 /* UUWebView.swift in Sources */ = {isa = PBXBuildFile; fileRef = A9F0302226003F100095EC83 /* UUWebView.swift */; };
		A9F03026260097B60095EC83 /* NetVideoIndexViewController.swift in Sources */ = {isa = PBXBuildFile; fileRef = A9F03025260097B60095EC83 /* NetVideoIndexViewController.swift */; };
		A9F03029260098280095EC83 /* NetVideoListViewController.swift in Sources */ = {isa = PBXBuildFile; fileRef = A9F03028260098280095EC83 /* NetVideoListViewController.swift */; };
		A9F44FDE253D277700224DA5 /* CategoryBottomView.swift in Sources */ = {isa = PBXBuildFile; fileRef = A9F44FDD253D277700224DA5 /* CategoryBottomView.swift */; };
		A9F44FE1253D379700224DA5 /* SearchResultViewController.swift in Sources */ = {isa = PBXBuildFile; fileRef = A9F44FE0253D379700224DA5 /* SearchResultViewController.swift */; };
		A9FB284F24E67B6900F53E74 /* VideoListCollectionViewCell.swift in Sources */ = {isa = PBXBuildFile; fileRef = A9FB284D24E67B6900F53E74 /* VideoListCollectionViewCell.swift */; };
		A9FB285024E67B6900F53E74 /* VideoListCollectionViewCell.xib in Resources */ = {isa = PBXBuildFile; fileRef = A9FB284E24E67B6900F53E74 /* VideoListCollectionViewCell.xib */; };
		A9FB285224E67E9400F53E74 /* PhoneVideoListViewController.swift in Sources */ = {isa = PBXBuildFile; fileRef = A9FB285124E67E9400F53E74 /* PhoneVideoListViewController.swift */; };
		A9FEB1292721634D00BA70F6 /* PageView.swift in Sources */ = {isa = PBXBuildFile; fileRef = A9FEB1282721634D00BA70F6 /* PageView.swift */; };
		F15C9188B067402F66F3C66C /* Qiqi.swift in Sources */ = {isa = PBXBuildFile; fileRef = F15C917B31A4495CA564B2CB /* Qiqi.swift */; };
		F15C9AA61461012EFC4D99C9 /* AvMenu.swift in Sources */ = {isa = PBXBuildFile; fileRef = F15C95933E90D933D09DCC96 /* AvMenu.swift */; };
		F15C9F32BAF76328ADB66FD0 /* AvBro.swift in Sources */ = {isa = PBXBuildFile; fileRef = F15C9EE2638369DFF5FDEC84 /* AvBro.swift */; };
/* End PBXBuildFile section */

/* Begin PBXFileReference section */
		144DF260AB9E4879AA42ED66 /* WebsiteBaseModel.swift */ = {isa = PBXFileReference; fileEncoding = 4; lastKnownFileType = sourcecode.swift; path = WebsiteBaseModel.swift; sourceTree = "<group>"; };
		144DF59A43D6EE17747DB123 /* Halihali.swift */ = {isa = PBXFileReference; fileEncoding = 4; lastKnownFileType = sourcecode.swift; path = Halihali.swift; sourceTree = "<group>"; };
		144DF971A9493EC8A5B001CF /* IndexModel.swift */ = {isa = PBXFileReference; fileEncoding = 4; lastKnownFileType = sourcecode.swift; path = IndexModel.swift; sourceTree = "<group>"; };
		144DFE6BD10316CE83C36D9B /* HeiHD.swift */ = {isa = PBXFileReference; fileEncoding = 4; lastKnownFileType = sourcecode.swift; path = HeiHD.swift; sourceTree = "<group>"; };
		2B8785959F9D24685D39BCEB /* Pods-UUVideo.debug.xcconfig */ = {isa = PBXFileReference; includeInIndex = 1; lastKnownFileType = text.xcconfig; name = "Pods-UUVideo.debug.xcconfig"; path = "Target Support Files/Pods-UUVideo/Pods-UUVideo.debug.xcconfig"; sourceTree = "<group>"; };
		4AEA3C782AF771CF00865EE8 /* Huoji.swift */ = {isa = PBXFileReference; lastKnownFileType = sourcecode.swift; path = Huoji.swift; sourceTree = "<group>"; };
		A873C20C17BCF9F74FB8D914 /* Pods-UUVideo.release.xcconfig */ = {isa = PBXFileReference; includeInIndex = 1; lastKnownFileType = text.xcconfig; name = "Pods-UUVideo.release.xcconfig"; path = "Target Support Files/Pods-UUVideo/Pods-UUVideo.release.xcconfig"; sourceTree = "<group>"; };
		A906DB0B24EA575700C070E4 /* PadIndexViewController.swift */ = {isa = PBXFileReference; lastKnownFileType = sourcecode.swift; path = PadIndexViewController.swift; sourceTree = "<group>"; };
		A906DB0D24EA680B00C070E4 /* BangumiViewController.swift */ = {isa = PBXFileReference; lastKnownFileType = sourcecode.swift; path = BangumiViewController.swift; sourceTree = "<group>"; };
		A906DB1124EB7E5C00C070E4 /* DataManager.swift */ = {isa = PBXFileReference; lastKnownFileType = sourcecode.swift; path = DataManager.swift; sourceTree = "<group>"; };
		A906DB1324EBB08300C070E4 /* VideoTableCollectionViewCell.swift */ = {isa = PBXFileReference; lastKnownFileType = sourcecode.swift; path = VideoTableCollectionViewCell.swift; sourceTree = "<group>"; };
		A906DB1424EBB08300C070E4 /* VideoTableCollectionViewCell.xib */ = {isa = PBXFileReference; lastKnownFileType = file.xib; path = VideoTableCollectionViewCell.xib; sourceTree = "<group>"; };
		A90F71172524100F0000D1CF /* HeaderTitleCollectionReusableView.swift */ = {isa = PBXFileReference; lastKnownFileType = sourcecode.swift; path = HeaderTitleCollectionReusableView.swift; sourceTree = "<group>"; };
		A90F71182524100F0000D1CF /* HeaderTitleCollectionReusableView.xib */ = {isa = PBXFileReference; lastKnownFileType = file.xib; path = HeaderTitleCollectionReusableView.xib; sourceTree = "<group>"; };
		A90F7120252414740000D1CF /* ListModel.swift */ = {isa = PBXFileReference; lastKnownFileType = sourcecode.swift; path = ListModel.swift; sourceTree = "<group>"; };
		A9127F742A3BF57900E571D4 /* SeSe.swift */ = {isa = PBXFileReference; lastKnownFileType = sourcecode.swift; path = SeSe.swift; sourceTree = "<group>"; };
		A91F3CA5263504B1006E6DA6 /* CollectViewController.swift */ = {isa = PBXFileReference; lastKnownFileType = sourcecode.swift; path = CollectViewController.swift; sourceTree = "<group>"; };
		A923746A25FF017100CE21F4 /* BangumiListViewController.swift */ = {isa = PBXFileReference; lastKnownFileType = sourcecode.swift; path = BangumiListViewController.swift; sourceTree = "<group>"; };
		A923746E25FF091A00CE21F4 /* placeholder.jpg */ = {isa = PBXFileReference; lastKnownFileType = image.jpeg; path = placeholder.jpg; sourceTree = "<group>"; };
		A923747125FF0B4900CE21F4 /* UILabel+extension.swift */ = {isa = PBXFileReference; lastKnownFileType = sourcecode.swift; path = "UILabel+extension.swift"; sourceTree = "<group>"; };
		A928D21F2567917A003BF719 /* NetVideoPlayerCollectionView.swift */ = {isa = PBXFileReference; lastKnownFileType = sourcecode.swift; path = NetVideoPlayerCollectionView.swift; sourceTree = "<group>"; };
		A92AC00B25529D28001EBD12 /* NetVideoDetailCollectionView.swift */ = {isa = PBXFileReference; lastKnownFileType = sourcecode.swift; path = NetVideoDetailCollectionView.swift; sourceTree = "<group>"; };
		A92AC00E25529E9F001EBD12 /* SerialModel.swift */ = {isa = PBXFileReference; lastKnownFileType = sourcecode.swift; path = SerialModel.swift; sourceTree = "<group>"; };
		A93105122990CD3C00BA6044 /* Yklunli.swift */ = {isa = PBXFileReference; lastKnownFileType = sourcecode.swift; path = Yklunli.swift; sourceTree = "<group>"; };
		A950E28E24E67157000CBB92 /* UUVideo.app */ = {isa = PBXFileReference; explicitFileType = wrapper.application; includeInIndex = 0; path = UUVideo.app; sourceTree = BUILT_PRODUCTS_DIR; };
		A950E29124E67157000CBB92 /* AppDelegate.swift */ = {isa = PBXFileReference; lastKnownFileType = sourcecode.swift; path = AppDelegate.swift; sourceTree = "<group>"; };
		A950E29324E67157000CBB92 /* SceneDelegate.swift */ = {isa = PBXFileReference; lastKnownFileType = sourcecode.swift; path = SceneDelegate.swift; sourceTree = "<group>"; };
		A950E29524E67157000CBB92 /* ViewController.swift */ = {isa = PBXFileReference; lastKnownFileType = sourcecode.swift; path = ViewController.swift; sourceTree = "<group>"; };
		A950E29824E67157000CBB92 /* Base */ = {isa = PBXFileReference; lastKnownFileType = file.storyboard; name = Base; path = Base.lproj/Main.storyboard; sourceTree = "<group>"; };
		A950E29A24E6715A000CBB92 /* Assets.xcassets */ = {isa = PBXFileReference; lastKnownFileType = folder.assetcatalog; path = Assets.xcassets; sourceTree = "<group>"; };
		A950E29D24E6715A000CBB92 /* Base */ = {isa = PBXFileReference; lastKnownFileType = file.storyboard; name = Base; path = Base.lproj/LaunchScreen.storyboard; sourceTree = "<group>"; };
		A950E29F24E6715B000CBB92 /* Info.plist */ = {isa = PBXFileReference; lastKnownFileType = text.plist.xml; path = Info.plist; sourceTree = "<group>"; };
		A950E2A524E67162000CBB92 /* UUVideo.entitlements */ = {isa = PBXFileReference; lastKnownFileType = text.plist.entitlements; path = UUVideo.entitlements; sourceTree = "<group>"; };
		A950E2A724E6733E000CBB92 /* Dictionary+extension.swift */ = {isa = PBXFileReference; fileEncoding = 4; lastKnownFileType = sourcecode.swift; path = "Dictionary+extension.swift"; sourceTree = "<group>"; };
		A950E2A824E6733F000CBB92 /* Date+extension.swift */ = {isa = PBXFileReference; fileEncoding = 4; lastKnownFileType = sourcecode.swift; path = "Date+extension.swift"; sourceTree = "<group>"; };
		A950E2A924E6733F000CBB92 /* UIImage+extension.swift */ = {isa = PBXFileReference; fileEncoding = 4; lastKnownFileType = sourcecode.swift; path = "UIImage+extension.swift"; sourceTree = "<group>"; };
		A950E2AA24E6733F000CBB92 /* NSObject+extension.swift */ = {isa = PBXFileReference; fileEncoding = 4; lastKnownFileType = sourcecode.swift; path = "NSObject+extension.swift"; sourceTree = "<group>"; };
		A950E2AB24E6733F000CBB92 /* UITextField+extension.swift */ = {isa = PBXFileReference; fileEncoding = 4; lastKnownFileType = sourcecode.swift; path = "UITextField+extension.swift"; sourceTree = "<group>"; };
		A950E2AC24E6733F000CBB92 /* String+extension.swift */ = {isa = PBXFileReference; fileEncoding = 4; lastKnownFileType = sourcecode.swift; path = "String+extension.swift"; sourceTree = "<group>"; };
		A950E2AD24E6733F000CBB92 /* UIView+extension.swift */ = {isa = PBXFileReference; fileEncoding = 4; lastKnownFileType = sourcecode.swift; path = "UIView+extension.swift"; sourceTree = "<group>"; };
		A950E2AE24E6733F000CBB92 /* UIColor+extension.swift */ = {isa = PBXFileReference; fileEncoding = 4; lastKnownFileType = sourcecode.swift; path = "UIColor+extension.swift"; sourceTree = "<group>"; };
		A950E2AF24E6733F000CBB92 /* UIButton+extension.swift */ = {isa = PBXFileReference; fileEncoding = 4; lastKnownFileType = sourcecode.swift; path = "UIButton+extension.swift"; sourceTree = "<group>"; };
		A950E2BA24E67356000CBB92 /* Tool.swift */ = {isa = PBXFileReference; fileEncoding = 4; lastKnownFileType = sourcecode.swift; path = Tool.swift; sourceTree = "<group>"; };
		A950E2BB24E67356000CBB92 /* QYRequestData.swift */ = {isa = PBXFileReference; fileEncoding = 4; lastKnownFileType = sourcecode.swift; path = QYRequestData.swift; sourceTree = "<group>"; };
		A950E2BC24E67356000CBB92 /* FileTool.swift */ = {isa = PBXFileReference; fileEncoding = 4; lastKnownFileType = sourcecode.swift; path = FileTool.swift; sourceTree = "<group>"; };
		A950E2BD24E67356000CBB92 /* config.swift */ = {isa = PBXFileReference; fileEncoding = 4; lastKnownFileType = sourcecode.swift; path = config.swift; sourceTree = "<group>"; };
		A950E2C324E6736F000CBB92 /* BaseViewController.swift */ = {isa = PBXFileReference; fileEncoding = 4; lastKnownFileType = sourcecode.swift; path = BaseViewController.swift; sourceTree = "<group>"; };
		A950E2C924E674E4000CBB92 /* PhoneIndexViewController.swift */ = {isa = PBXFileReference; lastKnownFileType = sourcecode.swift; path = PhoneIndexViewController.swift; sourceTree = "<group>"; };
		A950E2CC24E67515000CBB92 /* WebsiteTableView.swift */ = {isa = PBXFileReference; lastKnownFileType = sourcecode.swift; path = WebsiteTableView.swift; sourceTree = "<group>"; };
		A950E2CE24E677D9000CBB92 /* VideoListCollectionView.swift */ = {isa = PBXFileReference; lastKnownFileType = sourcecode.swift; path = VideoListCollectionView.swift; sourceTree = "<group>"; };
		A950E2D224E67871000CBB92 /* VideoModel.swift */ = {isa = PBXFileReference; lastKnownFileType = sourcecode.swift; path = VideoModel.swift; sourceTree = "<group>"; };
		A960D893272FBC0800B7C0BC /* DownloadViewController.swift */ = {isa = PBXFileReference; lastKnownFileType = sourcecode.swift; path = DownloadViewController.swift; sourceTree = "<group>"; };
		A960D895272FBC1D00B7C0BC /* DownloadTableView.swift */ = {isa = PBXFileReference; lastKnownFileType = sourcecode.swift; path = DownloadTableView.swift; sourceTree = "<group>"; };
		A960D897272FBCD500B7C0BC /* DownloadTableViewCell.swift */ = {isa = PBXFileReference; lastKnownFileType = sourcecode.swift; path = DownloadTableViewCell.swift; sourceTree = "<group>"; };
		A960D898272FBCD500B7C0BC /* DownloadTableViewCell.xib */ = {isa = PBXFileReference; lastKnownFileType = file.xib; path = DownloadTableViewCell.xib; sourceTree = "<group>"; };
		A9621AB029861364006983A2 /* SearchIndexViewController.swift */ = {isa = PBXFileReference; lastKnownFileType = sourcecode.swift; path = SearchIndexViewController.swift; sourceTree = "<group>"; };
		A9621AB2298614A2006983A2 /* SearchListViewController.swift */ = {isa = PBXFileReference; lastKnownFileType = sourcecode.swift; path = SearchListViewController.swift; sourceTree = "<group>"; };
		A96D526E2A8F3BFF00A63983 /* UnKnownSide.swift */ = {isa = PBXFileReference; lastKnownFileType = sourcecode.swift; path = UnKnownSide.swift; sourceTree = "<group>"; };
		A9771B8B296D0AF1004F317B /* CircuitModel.swift */ = {isa = PBXFileReference; lastKnownFileType = sourcecode.swift; path = CircuitModel.swift; sourceTree = "<group>"; };
		A97CFDA326D5E65700CC72B4 /* WBPopCoverBackgroundView.swift */ = {isa = PBXFileReference; lastKnownFileType = sourcecode.swift; path = WBPopCoverBackgroundView.swift; sourceTree = "<group>"; };
		A97F52022537EC93008B872A /* CategoryChooseViewController.swift */ = {isa = PBXFileReference; lastKnownFileType = sourcecode.swift; path = CategoryChooseViewController.swift; sourceTree = "<group>"; };
		A97F5205253848F1008B872A /* VideoCategoryCollectionView.swift */ = {isa = PBXFileReference; lastKnownFileType = sourcecode.swift; path = VideoCategoryCollectionView.swift; sourceTree = "<group>"; };
		A97F52082538495C008B872A /* VideoCategoryCollectionViewCell.swift */ = {isa = PBXFileReference; lastKnownFileType = sourcecode.swift; path = VideoCategoryCollectionViewCell.swift; sourceTree = "<group>"; };
		A97F52092538495C008B872A /* VideoCategoryCollectionViewCell.xib */ = {isa = PBXFileReference; lastKnownFileType = file.xib; path = VideoCategoryCollectionViewCell.xib; sourceTree = "<group>"; };
		A97FF1EF253161890097C0F7 /* CategoryModel.swift */ = {isa = PBXFileReference; lastKnownFileType = sourcecode.swift; path = CategoryModel.swift; sourceTree = "<group>"; };
		A982CCD02A5BAD23001887A6 /* Thotsflix.swift */ = {isa = PBXFileReference; lastKnownFileType = sourcecode.swift; path = Thotsflix.swift; sourceTree = "<group>"; };
		A984955A25513FCE0007D0B8 /* NetVideoDetailViewController.swift */ = {isa = PBXFileReference; lastKnownFileType = sourcecode.swift; path = NetVideoDetailViewController.swift; sourceTree = "<group>"; };
		A985BE112970F2D400A64CBF /* Qihaolou.swift */ = {isa = PBXFileReference; lastKnownFileType = sourcecode.swift; path = Qihaolou.swift; sourceTree = "<group>"; };
		A98794EA2553983B00DD62EE /* VideoInfoCollectionViewCell.swift */ = {isa = PBXFileReference; lastKnownFileType = sourcecode.swift; path = VideoInfoCollectionViewCell.swift; sourceTree = "<group>"; };
		A98794EB2553983B00DD62EE /* VideoInfoCollectionViewCell.xib */ = {isa = PBXFileReference; lastKnownFileType = file.xib; path = VideoInfoCollectionViewCell.xib; sourceTree = "<group>"; };
		A98CF6252A03A30C006A868F /* Lawyering.swift */ = {isa = PBXFileReference; lastKnownFileType = sourcecode.swift; path = Lawyering.swift; sourceTree = "<group>"; };
		A9967C1C256265AA00752CB7 /* UserViewController.swift */ = {isa = PBXFileReference; lastKnownFileType = sourcecode.swift; path = UserViewController.swift; sourceTree = "<group>"; };
		A997538625666B9600179FCB /* NetVideoPlayerViewController.swift */ = {isa = PBXFileReference; lastKnownFileType = sourcecode.swift; path = NetVideoPlayerViewController.swift; sourceTree = "<group>"; };
		A9A3B821298B8D7E0005CD6F /* SakuraYingShi.swift */ = {isa = PBXFileReference; lastKnownFileType = sourcecode.swift; path = SakuraYingShi.swift; sourceTree = "<group>"; };
		A9AD86A9296F9E4400D64467 /* Mianfei.swift */ = {isa = PBXFileReference; lastKnownFileType = sourcecode.swift; path = Mianfei.swift; sourceTree = "<group>"; };
		A9AE212D29798A0C00C8026F /* UIViewController+RotationControl.m */ = {isa = PBXFileReference; fileEncoding = 4; lastKnownFileType = sourcecode.c.objc; path = "UIViewController+RotationControl.m"; sourceTree = "<group>"; };
		A9AE212E29798A0C00C8026F /* UIViewController+RotationControl.h */ = {isa = PBXFileReference; fileEncoding = 4; lastKnownFileType = sourcecode.c.h; path = "UIViewController+RotationControl.h"; sourceTree = "<group>"; };
		A9B378F8261089DD00EBC4EF /* HistoryViewController.swift */ = {isa = PBXFileReference; lastKnownFileType = sourcecode.swift; path = HistoryViewController.swift; sourceTree = "<group>"; };
		A9B898662716C736006889C3 /* padVideoDetailCollectionView.swift */ = {isa = PBXFileReference; lastKnownFileType = sourcecode.swift; path = padVideoDetailCollectionView.swift; sourceTree = "<group>"; };
		A9B9CE1524E933E000CFBE69 /* zh-Hans */ = {isa = PBXFileReference; lastKnownFileType = text.plist.strings; name = "zh-Hans"; path = "zh-Hans.lproj/Main.strings"; sourceTree = "<group>"; };
		A9B9CE1624E933E100CFBE69 /* zh-Hans */ = {isa = PBXFileReference; lastKnownFileType = text.plist.strings; name = "zh-Hans"; path = "zh-Hans.lproj/LaunchScreen.strings"; sourceTree = "<group>"; };
		A9B9CE1B24E9569700CFBE69 /* LocalVideoPlayerViewController.swift */ = {isa = PBXFileReference; lastKnownFileType = sourcecode.swift; path = LocalVideoPlayerViewController.swift; sourceTree = "<group>"; };
		A9BAB51327157F3900AF9779 /* UUVideo-Bridging-Header.h */ = {isa = PBXFileReference; lastKnownFileType = sourcecode.c.h; path = "UUVideo-Bridging-Header.h"; sourceTree = "<group>"; };
		A9CBF74724EF9976002BD074 /* RightViewController.swift */ = {isa = PBXFileReference; lastKnownFileType = sourcecode.swift; path = RightViewController.swift; sourceTree = "<group>"; };
		A9CCBF8B2608A16100427C47 /* SqlTool.swift */ = {isa = PBXFileReference; lastKnownFileType = sourcecode.swift; path = SqlTool.swift; sourceTree = "<group>"; };
		A9D240B32A8DA63C00904750 /* KanYing.swift */ = {isa = PBXFileReference; lastKnownFileType = sourcecode.swift; path = KanYing.swift; sourceTree = "<group>"; };
		A9D34754296BB3BC00DD0BBC /* Sakura.swift */ = {isa = PBXFileReference; lastKnownFileType = sourcecode.swift; path = Sakura.swift; sourceTree = "<group>"; };
		A9D34756296BB3C800DD0BBC /* Laikuaibo.swift */ = {isa = PBXFileReference; lastKnownFileType = sourcecode.swift; path = Laikuaibo.swift; sourceTree = "<group>"; };
		A9D34758296BB3D300DD0BBC /* Juzhixiao.swift */ = {isa = PBXFileReference; lastKnownFileType = sourcecode.swift; path = Juzhixiao.swift; sourceTree = "<group>"; };
		A9D49EA626D530B6003BEDC2 /* UIWindow+WBPopView.swift */ = {isa = PBXFileReference; lastKnownFileType = sourcecode.swift; path = "UIWindow+WBPopView.swift"; sourceTree = "<group>"; };
		A9DF206F27118E90004C1263 /* PadVideoPlayerViewController.swift */ = {isa = PBXFileReference; lastKnownFileType = sourcecode.swift; path = PadVideoPlayerViewController.swift; sourceTree = "<group>"; };
		A9DF7C8F29F77AA10074EF08 /* SixMovie.swift */ = {isa = PBXFileReference; lastKnownFileType = sourcecode.swift; path = SixMovie.swift; sourceTree = "<group>"; };
		A9DFBD992680296F00BBA638 /* Array+extension.swift */ = {isa = PBXFileReference; fileEncoding = 4; lastKnownFileType = sourcecode.swift; path = "Array+extension.swift"; sourceTree = "<group>"; };
		A9F0302226003F100095EC83 /* UUWebView.swift */ = {isa = PBXFileReference; lastKnownFileType = sourcecode.swift; path = UUWebView.swift; sourceTree = "<group>"; };
		A9F03025260097B60095EC83 /* NetVideoIndexViewController.swift */ = {isa = PBXFileReference; lastKnownFileType = sourcecode.swift; path = NetVideoIndexViewController.swift; sourceTree = "<group>"; };
		A9F03028260098280095EC83 /* NetVideoListViewController.swift */ = {isa = PBXFileReference; lastKnownFileType = sourcecode.swift; path = NetVideoListViewController.swift; sourceTree = "<group>"; };
		A9F44FDD253D277700224DA5 /* CategoryBottomView.swift */ = {isa = PBXFileReference; lastKnownFileType = sourcecode.swift; path = CategoryBottomView.swift; sourceTree = "<group>"; };
		A9F44FE0253D379700224DA5 /* SearchResultViewController.swift */ = {isa = PBXFileReference; lastKnownFileType = sourcecode.swift; path = SearchResultViewController.swift; sourceTree = "<group>"; };
		A9FB284D24E67B6900F53E74 /* VideoListCollectionViewCell.swift */ = {isa = PBXFileReference; lastKnownFileType = sourcecode.swift; path = VideoListCollectionViewCell.swift; sourceTree = "<group>"; };
		A9FB284E24E67B6900F53E74 /* VideoListCollectionViewCell.xib */ = {isa = PBXFileReference; lastKnownFileType = file.xib; path = VideoListCollectionViewCell.xib; sourceTree = "<group>"; };
		A9FB285124E67E9400F53E74 /* PhoneVideoListViewController.swift */ = {isa = PBXFileReference; lastKnownFileType = sourcecode.swift; path = PhoneVideoListViewController.swift; sourceTree = "<group>"; };
		A9FEB1282721634D00BA70F6 /* PageView.swift */ = {isa = PBXFileReference; lastKnownFileType = sourcecode.swift; path = PageView.swift; sourceTree = "<group>"; };
		C9FA3DBEFB82D2160BCC81BE /* Pods_UUVideo.framework */ = {isa = PBXFileReference; explicitFileType = wrapper.framework; includeInIndex = 0; path = Pods_UUVideo.framework; sourceTree = BUILT_PRODUCTS_DIR; };
		F15C917B31A4495CA564B2CB /* Qiqi.swift */ = {isa = PBXFileReference; fileEncoding = 4; lastKnownFileType = sourcecode.swift; path = Qiqi.swift; sourceTree = "<group>"; };
		F15C95933E90D933D09DCC96 /* AvMenu.swift */ = {isa = PBXFileReference; fileEncoding = 4; lastKnownFileType = sourcecode.swift; path = AvMenu.swift; sourceTree = "<group>"; };
		F15C9EE2638369DFF5FDEC84 /* AvBro.swift */ = {isa = PBXFileReference; fileEncoding = 4; lastKnownFileType = sourcecode.swift; path = AvBro.swift; sourceTree = "<group>"; };
/* End PBXFileReference section */

/* Begin PBXFrameworksBuildPhase section */
		A950E28B24E67157000CBB92 /* Frameworks */ = {
			isa = PBXFrameworksBuildPhase;
			buildActionMask = 2147483647;
			files = (
				2F9B63EA24655CD73BDC047E /* Pods_UUVideo.framework in Frameworks */,
			);
			runOnlyForDeploymentPostprocessing = 0;
		};
/* End PBXFrameworksBuildPhase section */

/* Begin PBXGroup section */
		144DF52C46F23F6CA668575F /* 网站配置 */ = {
			isa = PBXGroup;
			children = (
				144DF59A43D6EE17747DB123 /* Halihali.swift */,
				A9D34754296BB3BC00DD0BBC /* Sakura.swift */,
				A9D34756296BB3C800DD0BBC /* Laikuaibo.swift */,
				A9D34758296BB3D300DD0BBC /* Juzhixiao.swift */,
				A9AD86A9296F9E4400D64467 /* Mianfei.swift */,
				A985BE112970F2D400A64CBF /* Qihaolou.swift */,
				A9A3B821298B8D7E0005CD6F /* SakuraYingShi.swift */,
				A93105122990CD3C00BA6044 /* Yklunli.swift */,
				A9DF7C8F29F77AA10074EF08 /* SixMovie.swift */,
				A98CF6252A03A30C006A868F /* Lawyering.swift */,
				A9127F742A3BF57900E571D4 /* SeSe.swift */,
				A982CCD02A5BAD23001887A6 /* Thotsflix.swift */,
				144DFE6BD10316CE83C36D9B /* HeiHD.swift */,
				F15C9EE2638369DFF5FDEC84 /* AvBro.swift */,
				F15C917B31A4495CA564B2CB /* Qiqi.swift */,
				F15C95933E90D933D09DCC96 /* AvMenu.swift */,
				A9D240B32A8DA63C00904750 /* KanYing.swift */,
				A96D526E2A8F3BFF00A63983 /* UnKnownSide.swift */,
				4AEA3C782AF771CF00865EE8 /* Huoji.swift */,
			);
			path = "网站配置";
			sourceTree = "<group>";
		};
		2A831A9A8605F693B4343B25 /* Pods */ = {
			isa = PBXGroup;
			children = (
				2B8785959F9D24685D39BCEB /* Pods-UUVideo.debug.xcconfig */,
				A873C20C17BCF9F74FB8D914 /* Pods-UUVideo.release.xcconfig */,
			);
			path = Pods;
			sourceTree = "<group>";
		};
		7D617D390BBB4986524DC52C /* Frameworks */ = {
			isa = PBXGroup;
			children = (
				C9FA3DBEFB82D2160BCC81BE /* Pods_UUVideo.framework */,
			);
			name = Frameworks;
			sourceTree = "<group>";
		};
		A923746D25FF091200CE21F4 /* files */ = {
			isa = PBXGroup;
			children = (
				A923746E25FF091A00CE21F4 /* placeholder.jpg */,
			);
			path = files;
			sourceTree = "<group>";
		};
		A950E28524E67157000CBB92 = {
			isa = PBXGroup;
			children = (
				A950E29024E67157000CBB92 /* UUVideo */,
				A950E28F24E67157000CBB92 /* Products */,
				2A831A9A8605F693B4343B25 /* Pods */,
				7D617D390BBB4986524DC52C /* Frameworks */,
			);
			sourceTree = "<group>";
		};
		A950E28F24E67157000CBB92 /* Products */ = {
			isa = PBXGroup;
			children = (
				A950E28E24E67157000CBB92 /* UUVideo.app */,
			);
			name = Products;
			sourceTree = "<group>";
		};
		A950E29024E67157000CBB92 /* UUVideo */ = {
			isa = PBXGroup;
			children = (
				A923746D25FF091200CE21F4 /* files */,
				A950E2C524E674B8000CBB92 /* UUVideo */,
				A950E2C224E67361000CBB92 /* base */,
				A950E2B924E67346000CBB92 /* Tool */,
				A950E2A624E67318000CBB92 /* extension */,
				A950E2A524E67162000CBB92 /* UUVideo.entitlements */,
				A950E29124E67157000CBB92 /* AppDelegate.swift */,
				A950E29324E67157000CBB92 /* SceneDelegate.swift */,
				A950E29524E67157000CBB92 /* ViewController.swift */,
				A950E29724E67157000CBB92 /* Main.storyboard */,
				A950E29A24E6715A000CBB92 /* Assets.xcassets */,
				A950E29C24E6715A000CBB92 /* LaunchScreen.storyboard */,
				A950E29F24E6715B000CBB92 /* Info.plist */,
				144DF52C46F23F6CA668575F /* 网站配置 */,
			);
			path = UUVideo;
			sourceTree = "<group>";
		};
		A950E2A624E67318000CBB92 /* extension */ = {
			isa = PBXGroup;
			children = (
				A9AE212E29798A0C00C8026F /* UIViewController+RotationControl.h */,
				A9AE212D29798A0C00C8026F /* UIViewController+RotationControl.m */,
				A9DFBD992680296F00BBA638 /* Array+extension.swift */,
				A950E2A824E6733F000CBB92 /* Date+extension.swift */,
				A950E2A724E6733E000CBB92 /* Dictionary+extension.swift */,
				A950E2AA24E6733F000CBB92 /* NSObject+extension.swift */,
				A950E2AC24E6733F000CBB92 /* String+extension.swift */,
				A950E2AF24E6733F000CBB92 /* UIButton+extension.swift */,
				A950E2AE24E6733F000CBB92 /* UIColor+extension.swift */,
				A950E2A924E6733F000CBB92 /* UIImage+extension.swift */,
				A950E2AB24E6733F000CBB92 /* UITextField+extension.swift */,
				A950E2AD24E6733F000CBB92 /* UIView+extension.swift */,
				A923747125FF0B4900CE21F4 /* UILabel+extension.swift */,
				A9D49EA626D530B6003BEDC2 /* UIWindow+WBPopView.swift */,
				A97CFDA326D5E65700CC72B4 /* WBPopCoverBackgroundView.swift */,
				A9BAB51327157F3900AF9779 /* UUVideo-Bridging-Header.h */,
			);
			path = extension;
			sourceTree = "<group>";
		};
		A950E2B924E67346000CBB92 /* Tool */ = {
			isa = PBXGroup;
			children = (
				A950E2BD24E67356000CBB92 /* config.swift */,
				A950E2BC24E67356000CBB92 /* FileTool.swift */,
				A950E2BB24E67356000CBB92 /* QYRequestData.swift */,
				A950E2BA24E67356000CBB92 /* Tool.swift */,
				A906DB1124EB7E5C00C070E4 /* DataManager.swift */,
				A9CCBF8B2608A16100427C47 /* SqlTool.swift */,
			);
			path = Tool;
			sourceTree = "<group>";
		};
		A950E2C224E67361000CBB92 /* base */ = {
			isa = PBXGroup;
			children = (
				A950E2C324E6736F000CBB92 /* BaseViewController.swift */,
				144DF260AB9E4879AA42ED66 /* WebsiteBaseModel.swift */,
			);
			path = base;
			sourceTree = "<group>";
		};
		A950E2C524E674B8000CBB92 /* UUVideo */ = {
			isa = PBXGroup;
			children = (
				A9CE79B728AF68BA00BFCA68 /* 个人中心 */,
				A950E2C824E674D0000CBB92 /* Controller */,
				A950E2CB24E674E8000CBB92 /* View */,
				A950E2D024E6781E000CBB92 /* Model */,
			);
			path = UUVideo;
			sourceTree = "<group>";
		};
		A950E2C624E674C2000CBB92 /* Phone */ = {
			isa = PBXGroup;
			children = (
				A923746A25FF017100CE21F4 /* BangumiListViewController.swift */,
				A906DB0D24EA680B00C070E4 /* BangumiViewController.swift */,
				A9B9CE1B24E9569700CFBE69 /* LocalVideoPlayerViewController.swift */,
				A984955A25513FCE0007D0B8 /* NetVideoDetailViewController.swift */,
				A9F03025260097B60095EC83 /* NetVideoIndexViewController.swift */,
				A997538625666B9600179FCB /* NetVideoPlayerViewController.swift */,
				A950E2C924E674E4000CBB92 /* PhoneIndexViewController.swift */,
				A9FB285124E67E9400F53E74 /* PhoneVideoListViewController.swift */,
				A9621AB029861364006983A2 /* SearchIndexViewController.swift */,
				A9621AB2298614A2006983A2 /* SearchListViewController.swift */,
			);
			path = Phone;
			sourceTree = "<group>";
		};
		A950E2C724E674C7000CBB92 /* Pad */ = {
			isa = PBXGroup;
			children = (
				A906DB0B24EA575700C070E4 /* PadIndexViewController.swift */,
				A9CBF74724EF9976002BD074 /* RightViewController.swift */,
				A9DF206F27118E90004C1263 /* PadVideoPlayerViewController.swift */,
			);
			path = Pad;
			sourceTree = "<group>";
		};
		A950E2C824E674D0000CBB92 /* Controller */ = {
			isa = PBXGroup;
			children = (
				A9F03028260098280095EC83 /* NetVideoListViewController.swift */,
				A9F44FE0253D379700224DA5 /* SearchResultViewController.swift */,
				A97F52022537EC93008B872A /* CategoryChooseViewController.swift */,
				A9967C1C256265AA00752CB7 /* UserViewController.swift */,
				A950E2C624E674C2000CBB92 /* Phone */,
				A950E2C724E674C7000CBB92 /* Pad */,
			);
			path = Controller;
			sourceTree = "<group>";
		};
		A950E2CB24E674E8000CBB92 /* View */ = {
			isa = PBXGroup;
			children = (
				A950E2CC24E67515000CBB92 /* WebsiteTableView.swift */,
				A950E2CE24E677D9000CBB92 /* VideoListCollectionView.swift */,
				A9FB284D24E67B6900F53E74 /* VideoListCollectionViewCell.swift */,
				A9FB284E24E67B6900F53E74 /* VideoListCollectionViewCell.xib */,
				A906DB1324EBB08300C070E4 /* VideoTableCollectionViewCell.swift */,
				A906DB1424EBB08300C070E4 /* VideoTableCollectionViewCell.xib */,
				A90F71172524100F0000D1CF /* HeaderTitleCollectionReusableView.swift */,
				A90F71182524100F0000D1CF /* HeaderTitleCollectionReusableView.xib */,
				A97F5205253848F1008B872A /* VideoCategoryCollectionView.swift */,
				A97F52082538495C008B872A /* VideoCategoryCollectionViewCell.swift */,
				A97F52092538495C008B872A /* VideoCategoryCollectionViewCell.xib */,
				A9F44FDD253D277700224DA5 /* CategoryBottomView.swift */,
				A92AC00B25529D28001EBD12 /* NetVideoDetailCollectionView.swift */,
				A98794EA2553983B00DD62EE /* VideoInfoCollectionViewCell.swift */,
				A98794EB2553983B00DD62EE /* VideoInfoCollectionViewCell.xib */,
				A928D21F2567917A003BF719 /* NetVideoPlayerCollectionView.swift */,
				A9F0302226003F100095EC83 /* UUWebView.swift */,
				A9B898662716C736006889C3 /* padVideoDetailCollectionView.swift */,
				A9FEB1282721634D00BA70F6 /* PageView.swift */,
				A960D895272FBC1D00B7C0BC /* DownloadTableView.swift */,
				A960D897272FBCD500B7C0BC /* DownloadTableViewCell.swift */,
				A960D898272FBCD500B7C0BC /* DownloadTableViewCell.xib */,
			);
			path = View;
			sourceTree = "<group>";
		};
		A950E2D024E6781E000CBB92 /* Model */ = {
			isa = PBXGroup;
			children = (
				A950E2D224E67871000CBB92 /* VideoModel.swift */,
				A90F7120252414740000D1CF /* ListModel.swift */,
				A97FF1EF253161890097C0F7 /* CategoryModel.swift */,
				A92AC00E25529E9F001EBD12 /* SerialModel.swift */,
				A9771B8B296D0AF1004F317B /* CircuitModel.swift */,
				144DF971A9493EC8A5B001CF /* IndexModel.swift */,
			);
			path = Model;
			sourceTree = "<group>";
		};
		A9CE79B728AF68BA00BFCA68 /* 个人中心 */ = {
			isa = PBXGroup;
			children = (
				A9B378F8261089DD00EBC4EF /* HistoryViewController.swift */,
				A91F3CA5263504B1006E6DA6 /* CollectViewController.swift */,
				A960D893272FBC0800B7C0BC /* DownloadViewController.swift */,
			);
			path = "个人中心";
			sourceTree = "<group>";
		};
/* End PBXGroup section */

/* Begin PBXNativeTarget section */
		A950E28D24E67157000CBB92 /* UUVideo */ = {
			isa = PBXNativeTarget;
			buildConfigurationList = A950E2A224E6715B000CBB92 /* Build configuration list for PBXNativeTarget "UUVideo" */;
			buildPhases = (
				48C43E3D8F5CD1FB7AA2A38A /* [CP] Check Pods Manifest.lock */,
				A950E28A24E67157000CBB92 /* Sources */,
				A950E28B24E67157000CBB92 /* Frameworks */,
				A950E28C24E67157000CBB92 /* Resources */,
				AA02D70FD7524325F2D5116C /* [CP] Embed Pods Frameworks */,
			);
			buildRules = (
			);
			dependencies = (
			);
			name = UUVideo;
			packageProductDependencies = (
			);
			productName = UUVideo;
			productReference = A950E28E24E67157000CBB92 /* UUVideo.app */;
			productType = "com.apple.product-type.application";
		};
/* End PBXNativeTarget section */

/* Begin PBXProject section */
		A950E28624E67157000CBB92 /* Project object */ = {
			isa = PBXProject;
			attributes = {
				LastSwiftUpdateCheck = 1160;
				LastUpgradeCheck = 1200;
				ORGANIZATIONNAME = qykj;
				TargetAttributes = {
					A950E28D24E67157000CBB92 = {
						CreatedOnToolsVersion = 11.6;
						LastSwiftMigration = 1300;
					};
				};
			};
			buildConfigurationList = A950E28924E67157000CBB92 /* Build configuration list for PBXProject "UUVideo" */;
			compatibilityVersion = "Xcode 9.3";
			developmentRegion = en;
			hasScannedForEncodings = 0;
			knownRegions = (
				en,
				Base,
				"zh-Hans",
			);
			mainGroup = A950E28524E67157000CBB92;
			packageReferences = (
			);
			productRefGroup = A950E28F24E67157000CBB92 /* Products */;
			projectDirPath = "";
			projectRoot = "";
			targets = (
				A950E28D24E67157000CBB92 /* UUVideo */,
			);
		};
/* End PBXProject section */

/* Begin PBXResourcesBuildPhase section */
		A950E28C24E67157000CBB92 /* Resources */ = {
			isa = PBXResourcesBuildPhase;
			buildActionMask = 2147483647;
			files = (
				A950E29E24E6715A000CBB92 /* LaunchScreen.storyboard in Resources */,
				A906DB1624EBB08300C070E4 /* VideoTableCollectionViewCell.xib in Resources */,
				A98794ED2553983B00DD62EE /* VideoInfoCollectionViewCell.xib in Resources */,
				A90F711A2524100F0000D1CF /* HeaderTitleCollectionReusableView.xib in Resources */,
				A923746F25FF091A00CE21F4 /* placeholder.jpg in Resources */,
				A950E29B24E6715A000CBB92 /* Assets.xcassets in Resources */,
				A9FB285024E67B6900F53E74 /* VideoListCollectionViewCell.xib in Resources */,
				A950E29924E67157000CBB92 /* Main.storyboard in Resources */,
				A97F520B2538495C008B872A /* VideoCategoryCollectionViewCell.xib in Resources */,
				A960D89A272FBCD500B7C0BC /* DownloadTableViewCell.xib in Resources */,
			);
			runOnlyForDeploymentPostprocessing = 0;
		};
/* End PBXResourcesBuildPhase section */

/* Begin PBXShellScriptBuildPhase section */
		48C43E3D8F5CD1FB7AA2A38A /* [CP] Check Pods Manifest.lock */ = {
			isa = PBXShellScriptBuildPhase;
			buildActionMask = 2147483647;
			files = (
			);
			inputFileListPaths = (
			);
			inputPaths = (
				"${PODS_PODFILE_DIR_PATH}/Podfile.lock",
				"${PODS_ROOT}/Manifest.lock",
			);
			name = "[CP] Check Pods Manifest.lock";
			outputFileListPaths = (
			);
			outputPaths = (
				"$(DERIVED_FILE_DIR)/Pods-UUVideo-checkManifestLockResult.txt",
			);
			runOnlyForDeploymentPostprocessing = 0;
			shellPath = /bin/sh;
			shellScript = "diff \"${PODS_PODFILE_DIR_PATH}/Podfile.lock\" \"${PODS_ROOT}/Manifest.lock\" > /dev/null\nif [ $? != 0 ] ; then\n    # print error to STDERR\n    echo \"error: The sandbox is not in sync with the Podfile.lock. Run 'pod install' or update your CocoaPods installation.\" >&2\n    exit 1\nfi\n# This output is used by Xcode 'outputs' to avoid re-running this script phase.\necho \"SUCCESS\" > \"${SCRIPT_OUTPUT_FILE_0}\"\n";
			showEnvVarsInLog = 0;
		};
		AA02D70FD7524325F2D5116C /* [CP] Embed Pods Frameworks */ = {
			isa = PBXShellScriptBuildPhase;
			buildActionMask = 2147483647;
			files = (
			);
			inputFileListPaths = (
				"${PODS_ROOT}/Target Support Files/Pods-UUVideo/Pods-UUVideo-frameworks-${CONFIGURATION}-input-files.xcfilelist",
			);
			name = "[CP] Embed Pods Frameworks";
			outputFileListPaths = (
				"${PODS_ROOT}/Target Support Files/Pods-UUVideo/Pods-UUVideo-frameworks-${CONFIGURATION}-output-files.xcfilelist",
			);
			runOnlyForDeploymentPostprocessing = 0;
			shellPath = /bin/sh;
			shellScript = "\"${PODS_ROOT}/Target Support Files/Pods-UUVideo/Pods-UUVideo-frameworks.sh\"\n";
			showEnvVarsInLog = 0;
		};
/* End PBXShellScriptBuildPhase section */

/* Begin PBXSourcesBuildPhase section */
		A950E28A24E67157000CBB92 /* Sources */ = {
			isa = PBXSourcesBuildPhase;
			buildActionMask = 2147483647;
			files = (
				A906DB1224EB7E5C00C070E4 /* DataManager.swift in Sources */,
				A9F44FDE253D277700224DA5 /* CategoryBottomView.swift in Sources */,
				A9FB284F24E67B6900F53E74 /* VideoListCollectionViewCell.swift in Sources */,
				A906DB0C24EA575700C070E4 /* PadIndexViewController.swift in Sources */,
				A97F520A2538495C008B872A /* VideoCategoryCollectionViewCell.swift in Sources */,
				A923747225FF0B4900CE21F4 /* UILabel+extension.swift in Sources */,
				A9AD86AA296F9E4400D64467 /* Mianfei.swift in Sources */,
				A950E2B624E6733F000CBB92 /* UIView+extension.swift in Sources */,
				A984955B25513FCE0007D0B8 /* NetVideoDetailViewController.swift in Sources */,
				A9B9CE1C24E9569700CFBE69 /* LocalVideoPlayerViewController.swift in Sources */,
				A950E29624E67157000CBB92 /* ViewController.swift in Sources */,
				A98794EC2553983B00DD62EE /* VideoInfoCollectionViewCell.swift in Sources */,
				A950E2CD24E67515000CBB92 /* WebsiteTableView.swift in Sources */,
				A97F5206253848F1008B872A /* VideoCategoryCollectionView.swift in Sources */,
				A982CCD12A5BAD23001887A6 /* Thotsflix.swift in Sources */,
				A950E29224E67157000CBB92 /* AppDelegate.swift in Sources */,
				A9CCBF8C2608A16100427C47 /* SqlTool.swift in Sources */,
				A92AC00F25529E9F001EBD12 /* SerialModel.swift in Sources */,
				A9FB285224E67E9400F53E74 /* PhoneVideoListViewController.swift in Sources */,
				A950E2B124E6733F000CBB92 /* Date+extension.swift in Sources */,
				A9A3B822298B8D7E0005CD6F /* SakuraYingShi.swift in Sources */,
				A985BE122970F2D400A64CBF /* Qihaolou.swift in Sources */,
				A928D2202567917A003BF719 /* NetVideoPlayerCollectionView.swift in Sources */,
				A950E2B224E6733F000CBB92 /* UIImage+extension.swift in Sources */,
				A9F0302326003F100095EC83 /* UUWebView.swift in Sources */,
				A9DFBD9A2680297000BBA638 /* Array+extension.swift in Sources */,
				A997538725666B9600179FCB /* NetVideoPlayerViewController.swift in Sources */,
				A950E2B824E6733F000CBB92 /* UIButton+extension.swift in Sources */,
				A97FF1F0253161890097C0F7 /* CategoryModel.swift in Sources */,
				A9D240B42A8DA63C00904750 /* KanYing.swift in Sources */,
				A9967C1D256265AA00752CB7 /* UserViewController.swift in Sources */,
				A923746B25FF017100CE21F4 /* BangumiListViewController.swift in Sources */,
				A9DF7C9029F77AA10074EF08 /* SixMovie.swift in Sources */,
				A950E2B324E6733F000CBB92 /* NSObject+extension.swift in Sources */,
				A9F03029260098280095EC83 /* NetVideoListViewController.swift in Sources */,
				A9127F752A3BF57900E571D4 /* SeSe.swift in Sources */,
				A90F71192524100F0000D1CF /* HeaderTitleCollectionReusableView.swift in Sources */,
				A9D49EA726D530B6003BEDC2 /* UIWindow+WBPopView.swift in Sources */,
				A950E2C424E6736F000CBB92 /* BaseViewController.swift in Sources */,
				A98CF6262A03A30C006A868F /* Lawyering.swift in Sources */,
				A950E2BE24E67356000CBB92 /* Tool.swift in Sources */,
				A93105132990CD3C00BA6044 /* Yklunli.swift in Sources */,
				A9CBF74824EF9976002BD074 /* RightViewController.swift in Sources */,
				A950E2D324E67871000CBB92 /* VideoModel.swift in Sources */,
				A960D894272FBC0800B7C0BC /* DownloadViewController.swift in Sources */,
				A97CFDA426D5E65700CC72B4 /* WBPopCoverBackgroundView.swift in Sources */,
				A9771B8C296D0AF1004F317B /* CircuitModel.swift in Sources */,
				A950E2CF24E677D9000CBB92 /* VideoListCollectionView.swift in Sources */,
				A9D34755296BB3BC00DD0BBC /* Sakura.swift in Sources */,
				A9D34759296BB3D300DD0BBC /* Juzhixiao.swift in Sources */,
				A9AE212F29798A0C00C8026F /* UIViewController+RotationControl.m in Sources */,
				A9D34757296BB3C800DD0BBC /* Laikuaibo.swift in Sources */,
				A950E2B424E6733F000CBB92 /* UITextField+extension.swift in Sources */,
				A9B898672716C736006889C3 /* padVideoDetailCollectionView.swift in Sources */,
				A950E29424E67157000CBB92 /* SceneDelegate.swift in Sources */,
				A9F03026260097B60095EC83 /* NetVideoIndexViewController.swift in Sources */,
				A9B378F9261089DD00EBC4EF /* HistoryViewController.swift in Sources */,
				A950E2CA24E674E4000CBB92 /* PhoneIndexViewController.swift in Sources */,
				A950E2B724E6733F000CBB92 /* UIColor+extension.swift in Sources */,
				A97F52032537EC93008B872A /* CategoryChooseViewController.swift in Sources */,
				A91F3CA6263504B1006E6DA6 /* CollectViewController.swift in Sources */,
				A9FEB1292721634D00BA70F6 /* PageView.swift in Sources */,
				A9621AB129861365006983A2 /* SearchIndexViewController.swift in Sources */,
				A9621AB3298614A2006983A2 /* SearchListViewController.swift in Sources */,
				A960D899272FBCD500B7C0BC /* DownloadTableViewCell.swift in Sources */,
				A90F7121252414740000D1CF /* ListModel.swift in Sources */,
				A950E2B024E6733F000CBB92 /* Dictionary+extension.swift in Sources */,
				A950E2B524E6733F000CBB92 /* String+extension.swift in Sources */,
				A9DF207027118E91004C1263 /* PadVideoPlayerViewController.swift in Sources */,
				A950E2C124E67356000CBB92 /* config.swift in Sources */,
				A906DB0E24EA680B00C070E4 /* BangumiViewController.swift in Sources */,
				A906DB1524EBB08300C070E4 /* VideoTableCollectionViewCell.swift in Sources */,
				A92AC00C25529D28001EBD12 /* NetVideoDetailCollectionView.swift in Sources */,
				4AEA3C792AF771CF00865EE8 /* Huoji.swift in Sources */,
				A960D896272FBC1D00B7C0BC /* DownloadTableView.swift in Sources */,
				A950E2C024E67356000CBB92 /* FileTool.swift in Sources */,
				A9F44FE1253D379700224DA5 /* SearchResultViewController.swift in Sources */,
				A950E2BF24E67356000CBB92 /* QYRequestData.swift in Sources */,
				144DFD4871DD0F3EE223D4B1 /* WebsiteBaseModel.swift in Sources */,
				144DFC7785BA981A298D4B2B /* Halihali.swift in Sources */,
				144DF2DFA22E2DCF380E9066 /* IndexModel.swift in Sources */,
				A96D526F2A8F3BFF00A63983 /* UnKnownSide.swift in Sources */,
				144DFBE0637E9A23BD770FE0 /* HeiHD.swift in Sources */,
				F15C9F32BAF76328ADB66FD0 /* AvBro.swift in Sources */,
				F15C9188B067402F66F3C66C /* Qiqi.swift in Sources */,
				F15C9AA61461012EFC4D99C9 /* AvMenu.swift in Sources */,
			);
			runOnlyForDeploymentPostprocessing = 0;
		};
/* End PBXSourcesBuildPhase section */

/* Begin PBXVariantGroup section */
		A950E29724E67157000CBB92 /* Main.storyboard */ = {
			isa = PBXVariantGroup;
			children = (
				A950E29824E67157000CBB92 /* Base */,
				A9B9CE1524E933E000CFBE69 /* zh-Hans */,
			);
			name = Main.storyboard;
			sourceTree = "<group>";
		};
		A950E29C24E6715A000CBB92 /* LaunchScreen.storyboard */ = {
			isa = PBXVariantGroup;
			children = (
				A950E29D24E6715A000CBB92 /* Base */,
				A9B9CE1624E933E100CFBE69 /* zh-Hans */,
			);
			name = LaunchScreen.storyboard;
			sourceTree = "<group>";
		};
/* End PBXVariantGroup section */

/* Begin XCBuildConfiguration section */
		A950E2A024E6715B000CBB92 /* Debug */ = {
			isa = XCBuildConfiguration;
			buildSettings = {
				ALWAYS_SEARCH_USER_PATHS = NO;
				ARCHS = "$(ARCHS_STANDARD)";
				CLANG_ANALYZER_LOCALIZABILITY_NONLOCALIZED = YES;
				CLANG_ANALYZER_NONNULL = YES;
				CLANG_ANALYZER_NUMBER_OBJECT_CONVERSION = YES_AGGRESSIVE;
				CLANG_CXX_LANGUAGE_STANDARD = "gnu++14";
				CLANG_CXX_LIBRARY = "libc++";
				CLANG_ENABLE_MODULES = YES;
				CLANG_ENABLE_OBJC_ARC = YES;
				CLANG_ENABLE_OBJC_WEAK = YES;
				CLANG_WARN_BLOCK_CAPTURE_AUTORELEASING = YES;
				CLANG_WARN_BOOL_CONVERSION = YES;
				CLANG_WARN_COMMA = YES;
				CLANG_WARN_CONSTANT_CONVERSION = YES;
				CLANG_WARN_DEPRECATED_OBJC_IMPLEMENTATIONS = YES;
				CLANG_WARN_DIRECT_OBJC_ISA_USAGE = YES_ERROR;
				CLANG_WARN_DOCUMENTATION_COMMENTS = YES;
				CLANG_WARN_EMPTY_BODY = YES;
				CLANG_WARN_ENUM_CONVERSION = YES;
				CLANG_WARN_INFINITE_RECURSION = YES;
				CLANG_WARN_INT_CONVERSION = YES;
				CLANG_WARN_NON_LITERAL_NULL_CONVERSION = YES;
				CLANG_WARN_OBJC_IMPLICIT_RETAIN_SELF = YES;
				CLANG_WARN_OBJC_LITERAL_CONVERSION = YES;
				CLANG_WARN_OBJC_ROOT_CLASS = YES_ERROR;
				CLANG_WARN_QUOTED_INCLUDE_IN_FRAMEWORK_HEADER = YES;
				CLANG_WARN_RANGE_LOOP_ANALYSIS = YES;
				CLANG_WARN_STRICT_PROTOTYPES = YES;
				CLANG_WARN_SUSPICIOUS_MOVE = YES;
				CLANG_WARN_UNGUARDED_AVAILABILITY = YES_AGGRESSIVE;
				CLANG_WARN_UNREACHABLE_CODE = YES;
				CLANG_WARN__DUPLICATE_METHOD_MATCH = YES;
				COPY_PHASE_STRIP = NO;
				DEBUG_INFORMATION_FORMAT = dwarf;
				ENABLE_STRICT_OBJC_MSGSEND = YES;
				ENABLE_TESTABILITY = YES;
				"EXCLUDED_ARCHS[sdk=*]" = arm64;
				GCC_C_LANGUAGE_STANDARD = gnu11;
				GCC_DYNAMIC_NO_PIC = NO;
				GCC_NO_COMMON_BLOCKS = YES;
				GCC_OPTIMIZATION_LEVEL = 0;
				GCC_PREPROCESSOR_DEFINITIONS = (
					"DEBUG=1",
					"$(inherited)",
				);
				GCC_WARN_64_TO_32_BIT_CONVERSION = YES;
				GCC_WARN_ABOUT_RETURN_TYPE = YES_ERROR;
				GCC_WARN_UNDECLARED_SELECTOR = YES;
				GCC_WARN_UNINITIALIZED_AUTOS = YES_AGGRESSIVE;
				GCC_WARN_UNUSED_FUNCTION = YES;
				GCC_WARN_UNUSED_VARIABLE = YES;
				IPHONEOS_DEPLOYMENT_TARGET = 14.0;
				MTL_ENABLE_DEBUG_INFO = INCLUDE_SOURCE;
				MTL_FAST_MATH = YES;
				ONLY_ACTIVE_ARCH = YES;
				OTHER_LDFLAGS = "-Xlinker-interposable";
				SDKROOT = iphoneos;
				SWIFT_ACTIVE_COMPILATION_CONDITIONS = DEBUG;
				SWIFT_OPTIMIZATION_LEVEL = "-Onone";
			};
			name = Debug;
		};
		A950E2A124E6715B000CBB92 /* Release */ = {
			isa = XCBuildConfiguration;
			buildSettings = {
				ALWAYS_SEARCH_USER_PATHS = NO;
				ARCHS = "$(ARCHS_STANDARD)";
				CLANG_ANALYZER_LOCALIZABILITY_NONLOCALIZED = YES;
				CLANG_ANALYZER_NONNULL = YES;
				CLANG_ANALYZER_NUMBER_OBJECT_CONVERSION = YES_AGGRESSIVE;
				CLANG_CXX_LANGUAGE_STANDARD = "gnu++14";
				CLANG_CXX_LIBRARY = "libc++";
				CLANG_ENABLE_MODULES = YES;
				CLANG_ENABLE_OBJC_ARC = YES;
				CLANG_ENABLE_OBJC_WEAK = YES;
				CLANG_WARN_BLOCK_CAPTURE_AUTORELEASING = YES;
				CLANG_WARN_BOOL_CONVERSION = YES;
				CLANG_WARN_COMMA = YES;
				CLANG_WARN_CONSTANT_CONVERSION = YES;
				CLANG_WARN_DEPRECATED_OBJC_IMPLEMENTATIONS = YES;
				CLANG_WARN_DIRECT_OBJC_ISA_USAGE = YES_ERROR;
				CLANG_WARN_DOCUMENTATION_COMMENTS = YES;
				CLANG_WARN_EMPTY_BODY = YES;
				CLANG_WARN_ENUM_CONVERSION = YES;
				CLANG_WARN_INFINITE_RECURSION = YES;
				CLANG_WARN_INT_CONVERSION = YES;
				CLANG_WARN_NON_LITERAL_NULL_CONVERSION = YES;
				CLANG_WARN_OBJC_IMPLICIT_RETAIN_SELF = YES;
				CLANG_WARN_OBJC_LITERAL_CONVERSION = YES;
				CLANG_WARN_OBJC_ROOT_CLASS = YES_ERROR;
				CLANG_WARN_QUOTED_INCLUDE_IN_FRAMEWORK_HEADER = YES;
				CLANG_WARN_RANGE_LOOP_ANALYSIS = YES;
				CLANG_WARN_STRICT_PROTOTYPES = YES;
				CLANG_WARN_SUSPICIOUS_MOVE = YES;
				CLANG_WARN_UNGUARDED_AVAILABILITY = YES_AGGRESSIVE;
				CLANG_WARN_UNREACHABLE_CODE = YES;
				CLANG_WARN__DUPLICATE_METHOD_MATCH = YES;
				COPY_PHASE_STRIP = NO;
				DEBUG_INFORMATION_FORMAT = "dwarf-with-dsym";
				ENABLE_NS_ASSERTIONS = NO;
				ENABLE_STRICT_OBJC_MSGSEND = YES;
				"EXCLUDED_ARCHS[sdk=*]" = "";
				GCC_C_LANGUAGE_STANDARD = gnu11;
				GCC_NO_COMMON_BLOCKS = YES;
				GCC_WARN_64_TO_32_BIT_CONVERSION = YES;
				GCC_WARN_ABOUT_RETURN_TYPE = YES_ERROR;
				GCC_WARN_UNDECLARED_SELECTOR = YES;
				GCC_WARN_UNINITIALIZED_AUTOS = YES_AGGRESSIVE;
				GCC_WARN_UNUSED_FUNCTION = YES;
				GCC_WARN_UNUSED_VARIABLE = YES;
				IPHONEOS_DEPLOYMENT_TARGET = 14.0;
				MTL_ENABLE_DEBUG_INFO = NO;
				MTL_FAST_MATH = YES;
				OTHER_LDFLAGS = "-Xlinker-interposable";
				SDKROOT = iphoneos;
				SWIFT_COMPILATION_MODE = wholemodule;
				SWIFT_OPTIMIZATION_LEVEL = "-O";
				VALIDATE_PRODUCT = YES;
			};
			name = Release;
		};
		A950E2A324E6715B000CBB92 /* Debug */ = {
			isa = XCBuildConfiguration;
			baseConfigurationReference = 2B8785959F9D24685D39BCEB /* Pods-UUVideo.debug.xcconfig */;
			buildSettings = {
				ASSETCATALOG_COMPILER_APPICON_NAME = AppIcon;
				CLANG_ENABLE_MODULES = YES;
				CODE_SIGN_ENTITLEMENTS = UUVideo/UUVideo.entitlements;
				"CODE_SIGN_IDENTITY[sdk=macosx*]" = "Apple Development";
				CODE_SIGN_STYLE = Automatic;
				CURRENT_PROJECT_VERSION = 1.0;
				DEVELOPMENT_TEAM = WVJ3T6UNZ3;
				"EXCLUDED_ARCHS[sdk=*]" = "";
				INFOPLIST_FILE = UUVideo/Info.plist;
				INFOPLIST_KEY_CFBundleDisplayName = "悠悠视频";
				INFOPLIST_KEY_LSApplicationCategoryType = "public.app-category.video";
				IPHONEOS_DEPLOYMENT_TARGET = 14.0;
				LD_RUNPATH_SEARCH_PATHS = (
					"$(inherited)",
					"@executable_path/Frameworks",
				);
				MARKETING_VERSION = 1.2;
				PRODUCT_BUNDLE_IDENTIFIER = com.quanyihulian.UUVideo;
				PRODUCT_NAME = "$(TARGET_NAME)";
				SUPPORTED_PLATFORMS = "iphoneos iphonesimulator";
				SUPPORTS_MACCATALYST = YES;
				SUPPORTS_MAC_DESIGNED_FOR_IPHONE_IPAD = NO;
				SWIFT_OBJC_BRIDGING_HEADER = "UUVideo/extension/UUVideo-Bridging-Header.h";
				SWIFT_OPTIMIZATION_LEVEL = "-Onone";
				SWIFT_VERSION = 5.0;
				TARGETED_DEVICE_FAMILY = "1,2";
			};
			name = Debug;
		};
		A950E2A424E6715B000CBB92 /* Release */ = {
			isa = XCBuildConfiguration;
			baseConfigurationReference = A873C20C17BCF9F74FB8D914 /* Pods-UUVideo.release.xcconfig */;
			buildSettings = {
				ASSETCATALOG_COMPILER_APPICON_NAME = AppIcon;
				CLANG_ENABLE_MODULES = YES;
				CODE_SIGN_ENTITLEMENTS = UUVideo/UUVideo.entitlements;
				"CODE_SIGN_IDENTITY[sdk=macosx*]" = "Apple Development";
				CODE_SIGN_STYLE = Automatic;
				CURRENT_PROJECT_VERSION = 1.0;
				DEVELOPMENT_TEAM = WVJ3T6UNZ3;
				INFOPLIST_FILE = UUVideo/Info.plist;
				INFOPLIST_KEY_CFBundleDisplayName = "悠悠视频";
				INFOPLIST_KEY_LSApplicationCategoryType = "public.app-category.video";
				IPHONEOS_DEPLOYMENT_TARGET = 14.0;
				LD_RUNPATH_SEARCH_PATHS = (
					"$(inherited)",
					"@executable_path/Frameworks",
				);
				MARKETING_VERSION = 1.2;
				PRODUCT_BUNDLE_IDENTIFIER = com.quanyihulian.UUVideo;
				PRODUCT_NAME = "$(TARGET_NAME)";
				SUPPORTED_PLATFORMS = "iphoneos iphonesimulator";
				SUPPORTS_MACCATALYST = YES;
				SUPPORTS_MAC_DESIGNED_FOR_IPHONE_IPAD = NO;
				SWIFT_OBJC_BRIDGING_HEADER = "UUVideo/extension/UUVideo-Bridging-Header.h";
				SWIFT_VERSION = 5.0;
				TARGETED_DEVICE_FAMILY = "1,2";
			};
			name = Release;
		};
/* End XCBuildConfiguration section */

/* Begin XCConfigurationList section */
		A950E28924E67157000CBB92 /* Build configuration list for PBXProject "UUVideo" */ = {
			isa = XCConfigurationList;
			buildConfigurations = (
				A950E2A024E6715B000CBB92 /* Debug */,
				A950E2A124E6715B000CBB92 /* Release */,
			);
			defaultConfigurationIsVisible = 0;
			defaultConfigurationName = Release;
		};
		A950E2A224E6715B000CBB92 /* Build configuration list for PBXNativeTarget "UUVideo" */ = {
			isa = XCConfigurationList;
			buildConfigurations = (
				A950E2A324E6715B000CBB92 /* Debug */,
				A950E2A424E6715B000CBB92 /* Release */,
			);
			defaultConfigurationIsVisible = 0;
			defaultConfigurationName = Release;
		};
/* End XCConfigurationList section */
	};
	rootObject = A950E28624E67157000CBB92 /* Project object */;
}
